// !$*UTF8*$!
{
	archiveVersion = 1;
	classes = {
	};
	objectVersion = 51;
	objects = {

/* Begin PBXBuildFile section */
		095F3A3D25C1E54700497BC2 /* ContentModel.swift in Sources */ = {isa = PBXBuildFile; fileRef = 095F3A3C25C1E54700497BC2 /* ContentModel.swift */; };
		095F3A4225C1E81800497BC2 /* Extensions.swift in Sources */ = {isa = PBXBuildFile; fileRef = 095F3A4125C1E81800497BC2 /* Extensions.swift */; };
		095F3A7825C31BCA00497BC2 /* MainCollectionView.swift in Sources */ = {isa = PBXBuildFile; fileRef = 095F3A7725C31BCA00497BC2 /* MainCollectionView.swift */; };
		095F3A7F25C31CA000497BC2 /* TableViewCell.swift in Sources */ = {isa = PBXBuildFile; fileRef = 095F3A7E25C31CA000497BC2 /* TableViewCell.swift */; };
		095F3A8325C567FA00497BC2 /* AddViewController.swift in Sources */ = {isa = PBXBuildFile; fileRef = 095F3A8225C567FA00497BC2 /* AddViewController.swift */; };
		095F3A8625C56A9C00497BC2 /* AddCell.swift in Sources */ = {isa = PBXBuildFile; fileRef = 095F3A8525C56A9C00497BC2 /* AddCell.swift */; };
		095F3A8925C5848700497BC2 /* NewSubVC.swift in Sources */ = {isa = PBXBuildFile; fileRef = 095F3A8825C5848700497BC2 /* NewSubVC.swift */; };
		095F3A8C25C5894700497BC2 /* NewSubCell.swift in Sources */ = {isa = PBXBuildFile; fileRef = 095F3A8B25C5894700497BC2 /* NewSubCell.swift */; };
		095F3A9025C58D1D00497BC2 /* TitleCell.swift in Sources */ = {isa = PBXBuildFile; fileRef = 095F3A8F25C58D1D00497BC2 /* TitleCell.swift */; };
		0960156F25C59309002FCD94 /* AddNewSubTableView.swift in Sources */ = {isa = PBXBuildFile; fileRef = 0960156E25C59309002FCD94 /* AddNewSubTableView.swift */; };
		0960157325C5D3D5002FCD94 /* AddNewTVC.swift in Sources */ = {isa = PBXBuildFile; fileRef = 0960157225C5D3D5002FCD94 /* AddNewTVC.swift */; };
		0960157C25C6FBD1002FCD94 /* StorageManager.swift in Sources */ = {isa = PBXBuildFile; fileRef = 0960157B25C6FBD1002FCD94 /* StorageManager.swift */; };
		09B7926325D4415600B11A72 /* Gradient.swift in Sources */ = {isa = PBXBuildFile; fileRef = 09B7926225D4415600B11A72 /* Gradient.swift */; };
		09B7926625D4560200B11A72 /* SettingsVC.swift in Sources */ = {isa = PBXBuildFile; fileRef = 09B7926525D4560200B11A72 /* SettingsVC.swift */; };
		09B8151E25C1DECA00AC9D58 /* AppDelegate.swift in Sources */ = {isa = PBXBuildFile; fileRef = 09B8151D25C1DECA00AC9D58 /* AppDelegate.swift */; };
		09B8152025C1DECA00AC9D58 /* SceneDelegate.swift in Sources */ = {isa = PBXBuildFile; fileRef = 09B8151F25C1DECA00AC9D58 /* SceneDelegate.swift */; };
		09B8152525C1DECA00AC9D58 /* Main.storyboard in Resources */ = {isa = PBXBuildFile; fileRef = 09B8152325C1DECA00AC9D58 /* Main.storyboard */; };
		09B8152825C1DECA00AC9D58 /* Subly.xcdatamodeld in Sources */ = {isa = PBXBuildFile; fileRef = 09B8152625C1DECA00AC9D58 /* Subly.xcdatamodeld */; };
		09B8152A25C1DECB00AC9D58 /* Assets.xcassets in Resources */ = {isa = PBXBuildFile; fileRef = 09B8152925C1DECB00AC9D58 /* Assets.xcassets */; };
		09B8152D25C1DECB00AC9D58 /* LaunchScreen.storyboard in Resources */ = {isa = PBXBuildFile; fileRef = 09B8152B25C1DECB00AC9D58 /* LaunchScreen.storyboard */; };
		EFE4EF886EC7D375666763AB /* Pods_Subly.framework in Frameworks */ = {isa = PBXBuildFile; fileRef = 772A62D6765EF8B5672CF2E7 /* Pods_Subly.framework */; };
/* End PBXBuildFile section */

/* Begin PBXFileReference section */
		095F3A3C25C1E54700497BC2 /* ContentModel.swift */ = {isa = PBXFileReference; lastKnownFileType = sourcecode.swift; path = ContentModel.swift; sourceTree = "<group>"; };
		095F3A4125C1E81800497BC2 /* Extensions.swift */ = {isa = PBXFileReference; lastKnownFileType = sourcecode.swift; path = Extensions.swift; sourceTree = "<group>"; };
		095F3A7725C31BCA00497BC2 /* MainCollectionView.swift */ = {isa = PBXFileReference; lastKnownFileType = sourcecode.swift; path = MainCollectionView.swift; sourceTree = "<group>"; };
		095F3A7E25C31CA000497BC2 /* TableViewCell.swift */ = {isa = PBXFileReference; lastKnownFileType = sourcecode.swift; path = TableViewCell.swift; sourceTree = "<group>"; };
		095F3A8225C567FA00497BC2 /* AddViewController.swift */ = {isa = PBXFileReference; lastKnownFileType = sourcecode.swift; path = AddViewController.swift; sourceTree = "<group>"; };
		095F3A8525C56A9C00497BC2 /* AddCell.swift */ = {isa = PBXFileReference; lastKnownFileType = sourcecode.swift; path = AddCell.swift; sourceTree = "<group>"; };
		095F3A8825C5848700497BC2 /* NewSubVC.swift */ = {isa = PBXFileReference; lastKnownFileType = sourcecode.swift; path = NewSubVC.swift; sourceTree = "<group>"; };
		095F3A8B25C5894700497BC2 /* NewSubCell.swift */ = {isa = PBXFileReference; lastKnownFileType = sourcecode.swift; path = NewSubCell.swift; sourceTree = "<group>"; };
		095F3A8F25C58D1D00497BC2 /* TitleCell.swift */ = {isa = PBXFileReference; lastKnownFileType = sourcecode.swift; path = TitleCell.swift; sourceTree = "<group>"; };
		0960156E25C59309002FCD94 /* AddNewSubTableView.swift */ = {isa = PBXFileReference; lastKnownFileType = sourcecode.swift; path = AddNewSubTableView.swift; sourceTree = "<group>"; };
		0960157225C5D3D5002FCD94 /* AddNewTVC.swift */ = {isa = PBXFileReference; lastKnownFileType = sourcecode.swift; path = AddNewTVC.swift; sourceTree = "<group>"; };
		0960157B25C6FBD1002FCD94 /* StorageManager.swift */ = {isa = PBXFileReference; lastKnownFileType = sourcecode.swift; path = StorageManager.swift; sourceTree = "<group>"; };
		09B7926225D4415600B11A72 /* Gradient.swift */ = {isa = PBXFileReference; lastKnownFileType = sourcecode.swift; path = Gradient.swift; sourceTree = "<group>"; };
		09B7926525D4560200B11A72 /* SettingsVC.swift */ = {isa = PBXFileReference; lastKnownFileType = sourcecode.swift; path = SettingsVC.swift; sourceTree = "<group>"; };
		09B8151A25C1DECA00AC9D58 /* Subly.app */ = {isa = PBXFileReference; explicitFileType = wrapper.application; includeInIndex = 0; path = Subly.app; sourceTree = BUILT_PRODUCTS_DIR; };
		09B8151D25C1DECA00AC9D58 /* AppDelegate.swift */ = {isa = PBXFileReference; lastKnownFileType = sourcecode.swift; path = AppDelegate.swift; sourceTree = "<group>"; };
		09B8151F25C1DECA00AC9D58 /* SceneDelegate.swift */ = {isa = PBXFileReference; lastKnownFileType = sourcecode.swift; path = SceneDelegate.swift; sourceTree = "<group>"; };
		09B8152425C1DECA00AC9D58 /* Base */ = {isa = PBXFileReference; lastKnownFileType = file.storyboard; name = Base; path = Base.lproj/Main.storyboard; sourceTree = "<group>"; };
		09B8152725C1DECA00AC9D58 /* Subly.xcdatamodel */ = {isa = PBXFileReference; lastKnownFileType = wrapper.xcdatamodel; path = Subly.xcdatamodel; sourceTree = "<group>"; };
		09B8152925C1DECB00AC9D58 /* Assets.xcassets */ = {isa = PBXFileReference; lastKnownFileType = folder.assetcatalog; path = Assets.xcassets; sourceTree = "<group>"; };
		09B8152C25C1DECB00AC9D58 /* Base */ = {isa = PBXFileReference; lastKnownFileType = file.storyboard; name = Base; path = Base.lproj/LaunchScreen.storyboard; sourceTree = "<group>"; };
		09B8152E25C1DECB00AC9D58 /* Info.plist */ = {isa = PBXFileReference; lastKnownFileType = text.plist.xml; path = Info.plist; sourceTree = "<group>"; };
		772A62D6765EF8B5672CF2E7 /* Pods_Subly.framework */ = {isa = PBXFileReference; explicitFileType = wrapper.framework; includeInIndex = 0; path = Pods_Subly.framework; sourceTree = BUILT_PRODUCTS_DIR; };
		C97F18F0B9C8F3A1563FC8D3 /* Pods-Subly.debug.xcconfig */ = {isa = PBXFileReference; includeInIndex = 1; lastKnownFileType = text.xcconfig; name = "Pods-Subly.debug.xcconfig"; path = "Target Support Files/Pods-Subly/Pods-Subly.debug.xcconfig"; sourceTree = "<group>"; };
		F797A065074176AB5DB60357 /* Pods-Subly.release.xcconfig */ = {isa = PBXFileReference; includeInIndex = 1; lastKnownFileType = text.xcconfig; name = "Pods-Subly.release.xcconfig"; path = "Target Support Files/Pods-Subly/Pods-Subly.release.xcconfig"; sourceTree = "<group>"; };
/* End PBXFileReference section */

/* Begin PBXFrameworksBuildPhase section */
		09B8151725C1DECA00AC9D58 /* Frameworks */ = {
			isa = PBXFrameworksBuildPhase;
			buildActionMask = 2147483647;
			files = (
				EFE4EF886EC7D375666763AB /* Pods_Subly.framework in Frameworks */,
			);
			runOnlyForDeploymentPostprocessing = 0;
		};
/* End PBXFrameworksBuildPhase section */

/* Begin PBXGroup section */
		094B741325C1E04B00BD90EA /* Controllers */ = {
			isa = PBXGroup;
			children = (
				095F3A7725C31BCA00497BC2 /* MainCollectionView.swift */,
				095F3A8225C567FA00497BC2 /* AddViewController.swift */,
				095F3A8825C5848700497BC2 /* NewSubVC.swift */,
				0960156E25C59309002FCD94 /* AddNewSubTableView.swift */,
				0960157225C5D3D5002FCD94 /* AddNewTVC.swift */,
				09B7926525D4560200B11A72 /* SettingsVC.swift */,
			);
			path = Controllers;
			sourceTree = "<group>";
		};
		095F3A3625C1E40000497BC2 /* Views */ = {
			isa = PBXGroup;
			children = (
				095F3A7E25C31CA000497BC2 /* TableViewCell.swift */,
				095F3A8525C56A9C00497BC2 /* AddCell.swift */,
				095F3A8B25C5894700497BC2 /* NewSubCell.swift */,
				095F3A8F25C58D1D00497BC2 /* TitleCell.swift */,
			);
			path = Views;
			sourceTree = "<group>";
		};
		095F3A3B25C1E53200497BC2 /* Model */ = {
			isa = PBXGroup;
			children = (
				095F3A3C25C1E54700497BC2 /* ContentModel.swift */,
				0960157B25C6FBD1002FCD94 /* StorageManager.swift */,
				09B7926225D4415600B11A72 /* Gradient.swift */,
			);
			path = Model;
			sourceTree = "<group>";
		};
		095F3A4025C1E80800497BC2 /* Resources */ = {
			isa = PBXGroup;
			children = (
				09B8151F25C1DECA00AC9D58 /* SceneDelegate.swift */,
				09B8151D25C1DECA00AC9D58 /* AppDelegate.swift */,
				095F3A4125C1E81800497BC2 /* Extensions.swift */,
			);
			path = Resources;
			sourceTree = "<group>";
		};
		09B8151125C1DEC900AC9D58 = {
			isa = PBXGroup;
			children = (
				09B8151C25C1DECA00AC9D58 /* Subly */,
				09B8151B25C1DECA00AC9D58 /* Products */,
				477D436966BD99E3C9B02DE5 /* Pods */,
				3EA722495EA66464874718CF /* Frameworks */,
			);
			sourceTree = "<group>";
		};
		09B8151B25C1DECA00AC9D58 /* Products */ = {
			isa = PBXGroup;
			children = (
				09B8151A25C1DECA00AC9D58 /* Subly.app */,
			);
			name = Products;
			sourceTree = "<group>";
		};
		09B8151C25C1DECA00AC9D58 /* Subly */ = {
			isa = PBXGroup;
			children = (
				095F3A4025C1E80800497BC2 /* Resources */,
				095F3A3B25C1E53200497BC2 /* Model */,
				095F3A3625C1E40000497BC2 /* Views */,
				094B741325C1E04B00BD90EA /* Controllers */,
				09B8152325C1DECA00AC9D58 /* Main.storyboard */,
				09B8152925C1DECB00AC9D58 /* Assets.xcassets */,
				09B8152B25C1DECB00AC9D58 /* LaunchScreen.storyboard */,
				09B8152E25C1DECB00AC9D58 /* Info.plist */,
				09B8152625C1DECA00AC9D58 /* Subly.xcdatamodeld */,
			);
			path = Subly;
			sourceTree = "<group>";
		};
		3EA722495EA66464874718CF /* Frameworks */ = {
			isa = PBXGroup;
			children = (
				772A62D6765EF8B5672CF2E7 /* Pods_Subly.framework */,
			);
			name = Frameworks;
			sourceTree = "<group>";
		};
		477D436966BD99E3C9B02DE5 /* Pods */ = {
			isa = PBXGroup;
			children = (
				C97F18F0B9C8F3A1563FC8D3 /* Pods-Subly.debug.xcconfig */,
				F797A065074176AB5DB60357 /* Pods-Subly.release.xcconfig */,
			);
			path = Pods;
			sourceTree = "<group>";
		};
/* End PBXGroup section */

/* Begin PBXNativeTarget section */
		09B8151925C1DECA00AC9D58 /* Subly */ = {
			isa = PBXNativeTarget;
			buildConfigurationList = 09B8153125C1DECB00AC9D58 /* Build configuration list for PBXNativeTarget "Subly" */;
			buildPhases = (
				CFE21531CF216426574D5571 /* [CP] Check Pods Manifest.lock */,
				09B8151625C1DECA00AC9D58 /* Sources */,
				09B8151725C1DECA00AC9D58 /* Frameworks */,
				09B8151825C1DECA00AC9D58 /* Resources */,
				7C58F809555615A958387FAE /* [CP] Embed Pods Frameworks */,
			);
			buildRules = (
			);
			dependencies = (
			);
			name = Subly;
			productName = Subly;
			productReference = 09B8151A25C1DECA00AC9D58 /* Subly.app */;
			productType = "com.apple.product-type.application";
		};
/* End PBXNativeTarget section */

/* Begin PBXProject section */
		09B8151225C1DEC900AC9D58 /* Project object */ = {
			isa = PBXProject;
			attributes = {
				LastSwiftUpdateCheck = 1240;
				LastUpgradeCheck = 1240;
				TargetAttributes = {
					09B8151925C1DECA00AC9D58 = {
						CreatedOnToolsVersion = 12.4;
					};
				};
			};
			buildConfigurationList = 09B8151525C1DEC900AC9D58 /* Build configuration list for PBXProject "Subly" */;
			compatibilityVersion = "Xcode 9.3";
			developmentRegion = en;
			hasScannedForEncodings = 0;
			knownRegions = (
				en,
				Base,
			);
			mainGroup = 09B8151125C1DEC900AC9D58;
			productRefGroup = 09B8151B25C1DECA00AC9D58 /* Products */;
			projectDirPath = "";
			projectRoot = "";
			targets = (
				09B8151925C1DECA00AC9D58 /* Subly */,
			);
		};
/* End PBXProject section */

/* Begin PBXResourcesBuildPhase section */
		09B8151825C1DECA00AC9D58 /* Resources */ = {
			isa = PBXResourcesBuildPhase;
			buildActionMask = 2147483647;
			files = (
				09B8152D25C1DECB00AC9D58 /* LaunchScreen.storyboard in Resources */,
				09B8152A25C1DECB00AC9D58 /* Assets.xcassets in Resources */,
				09B8152525C1DECA00AC9D58 /* Main.storyboard in Resources */,
			);
			runOnlyForDeploymentPostprocessing = 0;
		};
/* End PBXResourcesBuildPhase section */

/* Begin PBXShellScriptBuildPhase section */
		7C58F809555615A958387FAE /* [CP] Embed Pods Frameworks */ = {
			isa = PBXShellScriptBuildPhase;
			buildActionMask = 2147483647;
			files = (
			);
			inputFileListPaths = (
				"${PODS_ROOT}/Target Support Files/Pods-Subly/Pods-Subly-frameworks-${CONFIGURATION}-input-files.xcfilelist",
			);
			name = "[CP] Embed Pods Frameworks";
			outputFileListPaths = (
				"${PODS_ROOT}/Target Support Files/Pods-Subly/Pods-Subly-frameworks-${CONFIGURATION}-output-files.xcfilelist",
			);
			runOnlyForDeploymentPostprocessing = 0;
			shellPath = /bin/sh;
			shellScript = "\"${PODS_ROOT}/Target Support Files/Pods-Subly/Pods-Subly-frameworks.sh\"\n";
			showEnvVarsInLog = 0;
		};
		CFE21531CF216426574D5571 /* [CP] Check Pods Manifest.lock */ = {
			isa = PBXShellScriptBuildPhase;
			buildActionMask = 2147483647;
			files = (
			);
			inputFileListPaths = (
			);
			inputPaths = (
				"${PODS_PODFILE_DIR_PATH}/Podfile.lock",
				"${PODS_ROOT}/Manifest.lock",
			);
			name = "[CP] Check Pods Manifest.lock";
			outputFileListPaths = (
			);
			outputPaths = (
				"$(DERIVED_FILE_DIR)/Pods-Subly-checkManifestLockResult.txt",
			);
			runOnlyForDeploymentPostprocessing = 0;
			shellPath = /bin/sh;
			shellScript = "diff \"${PODS_PODFILE_DIR_PATH}/Podfile.lock\" \"${PODS_ROOT}/Manifest.lock\" > /dev/null\nif [ $? != 0 ] ; then\n    # print error to STDERR\n    echo \"error: The sandbox is not in sync with the Podfile.lock. Run 'pod install' or update your CocoaPods installation.\" >&2\n    exit 1\nfi\n# This output is used by Xcode 'outputs' to avoid re-running this script phase.\necho \"SUCCESS\" > \"${SCRIPT_OUTPUT_FILE_0}\"\n";
			showEnvVarsInLog = 0;
		};
/* End PBXShellScriptBuildPhase section */

/* Begin PBXSourcesBuildPhase section */
		09B8151625C1DECA00AC9D58 /* Sources */ = {
			isa = PBXSourcesBuildPhase;
			buildActionMask = 2147483647;
			files = (
				09B7926625D4560200B11A72 /* SettingsVC.swift in Sources */,
				095F3A9025C58D1D00497BC2 /* TitleCell.swift in Sources */,
				09B8152825C1DECA00AC9D58 /* Subly.xcdatamodeld in Sources */,
				09B8151E25C1DECA00AC9D58 /* AppDelegate.swift in Sources */,
				095F3A8325C567FA00497BC2 /* AddViewController.swift in Sources */,
				095F3A4225C1E81800497BC2 /* Extensions.swift in Sources */,
				095F3A7F25C31CA000497BC2 /* TableViewCell.swift in Sources */,
				095F3A7825C31BCA00497BC2 /* MainCollectionView.swift in Sources */,
				09B7926325D4415600B11A72 /* Gradient.swift in Sources */,
				095F3A8625C56A9C00497BC2 /* AddCell.swift in Sources */,
				095F3A3D25C1E54700497BC2 /* ContentModel.swift in Sources */,
				095F3A8925C5848700497BC2 /* NewSubVC.swift in Sources */,
				0960156F25C59309002FCD94 /* AddNewSubTableView.swift in Sources */,
				09B8152025C1DECA00AC9D58 /* SceneDelegate.swift in Sources */,
				0960157C25C6FBD1002FCD94 /* StorageManager.swift in Sources */,
				0960157325C5D3D5002FCD94 /* AddNewTVC.swift in Sources */,
				095F3A8C25C5894700497BC2 /* NewSubCell.swift in Sources */,
			);
			runOnlyForDeploymentPostprocessing = 0;
		};
/* End PBXSourcesBuildPhase section */

/* Begin PBXVariantGroup section */
		09B8152325C1DECA00AC9D58 /* Main.storyboard */ = {
			isa = PBXVariantGroup;
			children = (
				09B8152425C1DECA00AC9D58 /* Base */,
			);
			name = Main.storyboard;
			sourceTree = "<group>";
		};
		09B8152B25C1DECB00AC9D58 /* LaunchScreen.storyboard */ = {
			isa = PBXVariantGroup;
			children = (
				09B8152C25C1DECB00AC9D58 /* Base */,
			);
			name = LaunchScreen.storyboard;
			sourceTree = "<group>";
		};
/* End PBXVariantGroup section */

/* Begin XCBuildConfiguration section */
		09B8152F25C1DECB00AC9D58 /* Debug */ = {
			isa = XCBuildConfiguration;
			buildSettings = {
				ALWAYS_SEARCH_USER_PATHS = NO;
				CLANG_ANALYZER_NONNULL = YES;
				CLANG_ANALYZER_NUMBER_OBJECT_CONVERSION = YES_AGGRESSIVE;
				CLANG_CXX_LANGUAGE_STANDARD = "gnu++14";
				CLANG_CXX_LIBRARY = "libc++";
				CLANG_ENABLE_MODULES = YES;
				CLANG_ENABLE_OBJC_ARC = YES;
				CLANG_ENABLE_OBJC_WEAK = YES;
				CLANG_WARN_BLOCK_CAPTURE_AUTORELEASING = YES;
				CLANG_WARN_BOOL_CONVERSION = YES;
				CLANG_WARN_COMMA = YES;
				CLANG_WARN_CONSTANT_CONVERSION = YES;
				CLANG_WARN_DEPRECATED_OBJC_IMPLEMENTATIONS = YES;
				CLANG_WARN_DIRECT_OBJC_ISA_USAGE = YES_ERROR;
				CLANG_WARN_DOCUMENTATION_COMMENTS = YES;
				CLANG_WARN_EMPTY_BODY = YES;
				CLANG_WARN_ENUM_CONVERSION = YES;
				CLANG_WARN_INFINITE_RECURSION = YES;
				CLANG_WARN_INT_CONVERSION = YES;
				CLANG_WARN_NON_LITERAL_NULL_CONVERSION = YES;
				CLANG_WARN_OBJC_IMPLICIT_RETAIN_SELF = YES;
				CLANG_WARN_OBJC_LITERAL_CONVERSION = YES;
				CLANG_WARN_OBJC_ROOT_CLASS = YES_ERROR;
				CLANG_WARN_QUOTED_INCLUDE_IN_FRAMEWORK_HEADER = YES;
				CLANG_WARN_RANGE_LOOP_ANALYSIS = YES;
				CLANG_WARN_STRICT_PROTOTYPES = YES;
				CLANG_WARN_SUSPICIOUS_MOVE = YES;
				CLANG_WARN_UNGUARDED_AVAILABILITY = YES_AGGRESSIVE;
				CLANG_WARN_UNREACHABLE_CODE = YES;
				CLANG_WARN__DUPLICATE_METHOD_MATCH = YES;
				COPY_PHASE_STRIP = NO;
				DEBUG_INFORMATION_FORMAT = dwarf;
				ENABLE_STRICT_OBJC_MSGSEND = YES;
				ENABLE_TESTABILITY = YES;
				GCC_C_LANGUAGE_STANDARD = gnu11;
				GCC_DYNAMIC_NO_PIC = NO;
				GCC_NO_COMMON_BLOCKS = YES;
				GCC_OPTIMIZATION_LEVEL = 0;
				GCC_PREPROCESSOR_DEFINITIONS = (
					"DEBUG=1",
					"$(inherited)",
				);
				GCC_WARN_64_TO_32_BIT_CONVERSION = YES;
				GCC_WARN_ABOUT_RETURN_TYPE = YES_ERROR;
				GCC_WARN_UNDECLARED_SELECTOR = YES;
				GCC_WARN_UNINITIALIZED_AUTOS = YES_AGGRESSIVE;
				GCC_WARN_UNUSED_FUNCTION = YES;
				GCC_WARN_UNUSED_VARIABLE = YES;
				IPHONEOS_DEPLOYMENT_TARGET = 14.4;
				MTL_ENABLE_DEBUG_INFO = INCLUDE_SOURCE;
				MTL_FAST_MATH = YES;
				ONLY_ACTIVE_ARCH = YES;
				SDKROOT = iphoneos;
				SWIFT_ACTIVE_COMPILATION_CONDITIONS = DEBUG;
				SWIFT_OPTIMIZATION_LEVEL = "-Onone";
			};
			name = Debug;
		};
		09B8153025C1DECB00AC9D58 /* Release */ = {
			isa = XCBuildConfiguration;
			buildSettings = {
				ALWAYS_SEARCH_USER_PATHS = NO;
				CLANG_ANALYZER_NONNULL = YES;
				CLANG_ANALYZER_NUMBER_OBJECT_CONVERSION = YES_AGGRESSIVE;
				CLANG_CXX_LANGUAGE_STANDARD = "gnu++14";
				CLANG_CXX_LIBRARY = "libc++";
				CLANG_ENABLE_MODULES = YES;
				CLANG_ENABLE_OBJC_ARC = YES;
				CLANG_ENABLE_OBJC_WEAK = YES;
				CLANG_WARN_BLOCK_CAPTURE_AUTORELEASING = YES;
				CLANG_WARN_BOOL_CONVERSION = YES;
				CLANG_WARN_COMMA = YES;
				CLANG_WARN_CONSTANT_CONVERSION = YES;
				CLANG_WARN_DEPRECATED_OBJC_IMPLEMENTATIONS = YES;
				CLANG_WARN_DIRECT_OBJC_ISA_USAGE = YES_ERROR;
				CLANG_WARN_DOCUMENTATION_COMMENTS = YES;
				CLANG_WARN_EMPTY_BODY = YES;
				CLANG_WARN_ENUM_CONVERSION = YES;
				CLANG_WARN_INFINITE_RECURSION = YES;
				CLANG_WARN_INT_CONVERSION = YES;
				CLANG_WARN_NON_LITERAL_NULL_CONVERSION = YES;
				CLANG_WARN_OBJC_IMPLICIT_RETAIN_SELF = YES;
				CLANG_WARN_OBJC_LITERAL_CONVERSION = YES;
				CLANG_WARN_OBJC_ROOT_CLASS = YES_ERROR;
				CLANG_WARN_QUOTED_INCLUDE_IN_FRAMEWORK_HEADER = YES;
				CLANG_WARN_RANGE_LOOP_ANALYSIS = YES;
				CLANG_WARN_STRICT_PROTOTYPES = YES;
				CLANG_WARN_SUSPICIOUS_MOVE = YES;
				CLANG_WARN_UNGUARDED_AVAILABILITY = YES_AGGRESSIVE;
				CLANG_WARN_UNREACHABLE_CODE = YES;
				CLANG_WARN__DUPLICATE_METHOD_MATCH = YES;
				COPY_PHASE_STRIP = NO;
				DEBUG_INFORMATION_FORMAT = "dwarf-with-dsym";
				ENABLE_NS_ASSERTIONS = NO;
				ENABLE_STRICT_OBJC_MSGSEND = YES;
				GCC_C_LANGUAGE_STANDARD = gnu11;
				GCC_NO_COMMON_BLOCKS = YES;
				GCC_WARN_64_TO_32_BIT_CONVERSION = YES;
				GCC_WARN_ABOUT_RETURN_TYPE = YES_ERROR;
				GCC_WARN_UNDECLARED_SELECTOR = YES;
				GCC_WARN_UNINITIALIZED_AUTOS = YES_AGGRESSIVE;
				GCC_WARN_UNUSED_FUNCTION = YES;
				GCC_WARN_UNUSED_VARIABLE = YES;
				IPHONEOS_DEPLOYMENT_TARGET = 14.4;
				MTL_ENABLE_DEBUG_INFO = NO;
				MTL_FAST_MATH = YES;
				SDKROOT = iphoneos;
				SWIFT_COMPILATION_MODE = wholemodule;
				SWIFT_OPTIMIZATION_LEVEL = "-O";
				VALIDATE_PRODUCT = YES;
			};
			name = Release;
		};
		09B8153225C1DECB00AC9D58 /* Debug */ = {
			isa = XCBuildConfiguration;
			baseConfigurationReference = C97F18F0B9C8F3A1563FC8D3 /* Pods-Subly.debug.xcconfig */;
			buildSettings = {
				ASSETCATALOG_COMPILER_APPICON_NAME = AppIcon;
				ASSETCATALOG_COMPILER_GLOBAL_ACCENT_COLOR_NAME = AccentColor;
				CODE_SIGN_STYLE = Automatic;
				DEVELOPMENT_TEAM = 44S95Z526W;
				INFOPLIST_FILE = Subly/Info.plist;
				LD_RUNPATH_SEARCH_PATHS = (
					"$(inherited)",
					"@executable_path/Frameworks",
				);
				PRODUCT_BUNDLE_IDENTIFIER = ilyaKuznetsov.Subly;
				PRODUCT_NAME = "$(TARGET_NAME)";
				SWIFT_VERSION = 5.0;
				TARGETED_DEVICE_FAMILY = 1;
			};
			name = Debug;
		};
		09B8153325C1DECB00AC9D58 /* Release */ = {
			isa = XCBuildConfiguration;
			baseConfigurationReference = F797A065074176AB5DB60357 /* Pods-Subly.release.xcconfig */;
			buildSettings = {
				ASSETCATALOG_COMPILER_APPICON_NAME = AppIcon;
				ASSETCATALOG_COMPILER_GLOBAL_ACCENT_COLOR_NAME = AccentColor;
				CODE_SIGN_STYLE = Automatic;
				DEVELOPMENT_TEAM = 44S95Z526W;
				INFOPLIST_FILE = Subly/Info.plist;
				LD_RUNPATH_SEARCH_PATHS = (
					"$(inherited)",
					"@executable_path/Frameworks",
				);
				PRODUCT_BUNDLE_IDENTIFIER = ilyaKuznetsov.Subly;
				PRODUCT_NAME = "$(TARGET_NAME)";
				SWIFT_VERSION = 5.0;
				TARGETED_DEVICE_FAMILY = 1;
			};
			name = Release;
		};
/* End XCBuildConfiguration section */

/* Begin XCConfigurationList section */
		09B8151525C1DEC900AC9D58 /* Build configuration list for PBXProject "Subly" */ = {
			isa = XCConfigurationList;
			buildConfigurations = (
				09B8152F25C1DECB00AC9D58 /* Debug */,
				09B8153025C1DECB00AC9D58 /* Release */,
			);
			defaultConfigurationIsVisible = 0;
			defaultConfigurationName = Release;
		};
		09B8153125C1DECB00AC9D58 /* Build configuration list for PBXNativeTarget "Subly" */ = {
			isa = XCConfigurationList;
			buildConfigurations = (
				09B8153225C1DECB00AC9D58 /* Debug */,
				09B8153325C1DECB00AC9D58 /* Release */,
			);
			defaultConfigurationIsVisible = 0;
			defaultConfigurationName = Release;
		};
/* End XCConfigurationList section */

/* Begin XCVersionGroup section */
		09B8152625C1DECA00AC9D58 /* Subly.xcdatamodeld */ = {
			isa = XCVersionGroup;
			children = (
				09B8152725C1DECA00AC9D58 /* Subly.xcdatamodel */,
			);
			currentVersion = 09B8152725C1DECA00AC9D58 /* Subly.xcdatamodel */;
			path = Subly.xcdatamodeld;
			sourceTree = "<group>";
			versionGroupType = wrapper.xcdatamodel;
		};
/* End XCVersionGroup section */
	};
	rootObject = 09B8151225C1DEC900AC9D58 /* Project object */;
}
